
Microsoft Visual Studio Solution File, Format Version 12.00
# Visual Studio Version 17
VisualStudioVersion = 17.5.002.0
MinimumVisualStudioVersion = 10.0.40219.1
Project("{9A19103F-16F7-4668-BE54-9A1E7A4F7556}") = "JMS-Consumer-TimerTigger-Function", "JMS-Consumer-TimerTigger-Function.csproj", "{7B1B291D-F7F1-475D-BFB8-C01E2E748365}"
EndProject
Global
	GlobalSection(SolutionConfigurationPlatforms) = preSolution
		Debug|Any CPU = Debug|Any CPU
		Release|Any CPU = Release|Any CPU
	EndGlobalSection
	GlobalSection(ProjectConfigurationPlatforms) = postSolution
		{7B1B291D-F7F1-475D-BFB8-C01E2E748365}.Debug|Any CPU.ActiveCfg = Debug|Any CPU
		{7B1B291D-F7F1-475D-BFB8-C01E2E748365}.Debug|Any CPU.Build.0 = Debug|Any CPU
		{7B1B291D-F7F1-475D-BFB8-C01E2E748365}.Release|Any CPU.ActiveCfg = Release|Any CPU
		{7B1B291D-F7F1-475D-BFB8-C01E2E748365}.Release|Any CPU.Build.0 = Release|Any CPU
	EndGlobalSection
	GlobalSection(SolutionProperties) = preSolution
		HideSolutionNode = FALSE
	EndGlobalSection
	GlobalSection(ExtensibilityGlobals) = postSolution
		SolutionGuid = {51B81228-77A6-4635-89FE-95485B627CF1}
	EndGlobalSection
EndGlobal
